
Microsoft Visual Studio Solution File, Format Version 12.00
# Visual Studio 14
VisualStudioVersion = 14.0.25420.1
MinimumVisualStudioVersion = 10.0.40219.1
Project("{FAE04EC0-301F-11D3-BF4B-00C04F79EFBC}") = "ProductsApp", "ProductsApp\ProductsApp.csproj", "{CF1DD193-414E-4734-A64F-3E3AA09336D7}"
EndProject
Project("{FAE04EC0-301F-11D3-BF4B-00C04F79EFBC}") = "DataAccess", "DataAccess\DataAccess.csproj", "{63CCA2A6-9F5E-40A0-A9AD-F56A76E16B1E}"
EndProject
Project("{FAE04EC0-301F-11D3-BF4B-00C04F79EFBC}") = "ProductRepository", "ProductRepository\ProductRepository.csproj", "{4ED4BAC6-E320-4B1B-BC26-079402940C4A}"
EndProject
Global
	GlobalSection(SolutionConfigurationPlatforms) = preSolution
		Debug|Any CPU = Debug|Any CPU
		Release|Any CPU = Release|Any CPU
	EndGlobalSection
	GlobalSection(ProjectConfigurationPlatforms) = postSolution
		{CF1DD193-414E-4734-A64F-3E3AA09336D7}.Debug|Any CPU.ActiveCfg = Debug|Any CPU
		{CF1DD193-414E-4734-A64F-3E3AA09336D7}.Debug|Any CPU.Build.0 = Debug|Any CPU
		{CF1DD193-414E-4734-A64F-3E3AA09336D7}.Release|Any CPU.ActiveCfg = Release|Any CPU
		{CF1DD193-414E-4734-A64F-3E3AA09336D7}.Release|Any CPU.Build.0 = Release|Any CPU
		{63CCA2A6-9F5E-40A0-A9AD-F56A76E16B1E}.Debug|Any CPU.ActiveCfg = Debug|Any CPU
		{63CCA2A6-9F5E-40A0-A9AD-F56A76E16B1E}.Debug|Any CPU.Build.0 = Debug|Any CPU
		{63CCA2A6-9F5E-40A0-A9AD-F56A76E16B1E}.Release|Any CPU.ActiveCfg = Release|Any CPU
		{63CCA2A6-9F5E-40A0-A9AD-F56A76E16B1E}.Release|Any CPU.Build.0 = Release|Any CPU
		{4ED4BAC6-E320-4B1B-BC26-079402940C4A}.Debug|Any CPU.ActiveCfg = Debug|Any CPU
		{4ED4BAC6-E320-4B1B-BC26-079402940C4A}.Debug|Any CPU.Build.0 = Debug|Any CPU
		{4ED4BAC6-E320-4B1B-BC26-079402940C4A}.Release|Any CPU.ActiveCfg = Release|Any CPU
		{4ED4BAC6-E320-4B1B-BC26-079402940C4A}.Release|Any CPU.Build.0 = Release|Any CPU
	EndGlobalSection
	GlobalSection(SolutionProperties) = preSolution
		HideSolutionNode = FALSE
	EndGlobalSection
EndGlobal
